// !$*UTF8*$!
{
	archiveVersion = 1;
	classes = {
	};
	objectVersion = 46;
	objects = {

/* Begin PBXBuildFile section */
		36BB64F519BECE1E006A1309 /* CGSize+Swift.swift in Sources */ = {isa = PBXBuildFile; fileRef = 36BB64F419BECE1E006A1309 /* CGSize+Swift.swift */; };
		5098963220CA2ED600987530 /* CryptoSwift.framework in Frameworks */ = {isa = PBXBuildFile; fileRef = 5098963120CA2ED600987530 /* CryptoSwift.framework */; };
		5098964220CA31C300987530 /* Haneke.framework in Frameworks */ = {isa = PBXBuildFile; fileRef = A095C9561980418C00CD0F4C /* Haneke.framework */; };
		5098964A20CA320100987530 /* CacheTests.swift in Sources */ = {isa = PBXBuildFile; fileRef = A095C974198045D200CD0F4C /* CacheTests.swift */; };
		5098964B20CA320100987530 /* CGSize+HanekeTests.swift in Sources */ = {isa = PBXBuildFile; fileRef = D18894C819C340C5008E9E4C /* CGSize+HanekeTests.swift */; };
		5098964C20CA320100987530 /* DataTests.swift in Sources */ = {isa = PBXBuildFile; fileRef = A05F58F919CCB1DA0009EBDE /* DataTests.swift */; };
		5098964D20CA320100987530 /* DiskCacheTests.swift in Sources */ = {isa = PBXBuildFile; fileRef = A0D7D6851997B57A000CAF46 /* DiskCacheTests.swift */; };
		5098964E20CA320100987530 /* DiskFetcherTests.swift in Sources */ = {isa = PBXBuildFile; fileRef = 8C0D39C019CF4BE000452BC4 /* DiskFetcherTests.swift */; };
		5098964F20CA320600987530 /* NSFileManager+HanekeTests.swift in Sources */ = {isa = PBXBuildFile; fileRef = A0C6BA3B19ACA1A5007111E9 /* NSFileManager+HanekeTests.swift */; };
		5098965020CA320600987530 /* String+HanekeTests.swift in Sources */ = {isa = PBXBuildFile; fileRef = A06EE28119B18FE600572D17 /* String+HanekeTests.swift */; };
		5098965120CA320600987530 /* UIImage+HanekeTests.swift in Sources */ = {isa = PBXBuildFile; fileRef = A0D7D6881997C4C4000CAF46 /* UIImage+HanekeTests.swift */; };
		5098965220CA320600987530 /* NSURLResponse+HanekeTests.swift in Sources */ = {isa = PBXBuildFile; fileRef = A00D364F19C6E1050007586E /* NSURLResponse+HanekeTests.swift */; };
		5098965320CA320600987530 /* NSHTTPURLResponse+HanekeTests.swift in Sources */ = {isa = PBXBuildFile; fileRef = 87BCE4761C3764000040B92C /* NSHTTPURLResponse+HanekeTests.swift */; };
		5098965420CA320D00987530 /* FetcherTests.swift in Sources */ = {isa = PBXBuildFile; fileRef = A0EE773119BFDFA500B315A0 /* FetcherTests.swift */; };
		5098965520CA320D00987530 /* FetchTests.swift in Sources */ = {isa = PBXBuildFile; fileRef = A01E148819D7FEF7000247ED /* FetchTests.swift */; };
		5098965620CA320D00987530 /* FormatTests.swift in Sources */ = {isa = PBXBuildFile; fileRef = A06EE27419AE1A6A00572D17 /* FormatTests.swift */; };
		5098965720CA321400987530 /* HanekeTests.swift in Sources */ = {isa = PBXBuildFile; fileRef = A03F7E7F19BF60040002511F /* HanekeTests.swift */; };
		5098965820CA321400987530 /* NetworkFetcherTests.swift in Sources */ = {isa = PBXBuildFile; fileRef = A00D364819C6D8870007586E /* NetworkFetcherTests.swift */; };
		5098965920CA321800987530 /* UIImageView+HanekeTests.swift in Sources */ = {isa = PBXBuildFile; fileRef = A042110419C914CE005000B8 /* UIImageView+HanekeTests.swift */; };
		5098965A20CA321800987530 /* UIButton+HanekeTests.swift in Sources */ = {isa = PBXBuildFile; fileRef = 8CD6E29E19E3467F00F44FCF /* UIButton+HanekeTests.swift */; };
		5098965B20CA321E00987530 /* UIImage+Test.swift in Sources */ = {isa = PBXBuildFile; fileRef = 36C9E04E198C03F80083574B /* UIImage+Test.swift */; };
		5098965C20CA321E00987530 /* NSData+Test.swift in Sources */ = {isa = PBXBuildFile; fileRef = A02088B919A89C6100CE8F01 /* NSData+Test.swift */; };
		5098965D20CA321E00987530 /* DiskTestCase.swift in Sources */ = {isa = PBXBuildFile; fileRef = A0C6BA3E19ACA3C4007111E9 /* DiskTestCase.swift */; };
		5098965E20CA321E00987530 /* XCTestCase+Test.swift in Sources */ = {isa = PBXBuildFile; fileRef = A00D365419C6E9BE0007586E /* XCTestCase+Test.swift */; };
		5098965F20CA321E00987530 /* AsyncFetcher.swift in Sources */ = {isa = PBXBuildFile; fileRef = 87BCE4711C37551C0040B92C /* AsyncFetcher.swift */; };
		5098966520CA33AB00987530 /* OHHTTPStubs.framework in Frameworks */ = {isa = PBXBuildFile; fileRef = 5098966420CA33AB00987530 /* OHHTTPStubs.framework */; };
		5098966620CA33B100987530 /* OHHTTPStubs.framework in CopyFiles */ = {isa = PBXBuildFile; fileRef = 5098966420CA33AB00987530 /* OHHTTPStubs.framework */; settings = {ATTRIBUTES = (CodeSignOnCopy, RemoveHeadersOnCopy, ); }; };
		5098967020CA344B00987530 /* Haneke.framework in Frameworks */ = {isa = PBXBuildFile; fileRef = 6393C5F71C3B229200EB1FD8 /* Haneke.framework */; };
		5098967620CA349800987530 /* CacheTests.swift in Sources */ = {isa = PBXBuildFile; fileRef = A095C974198045D200CD0F4C /* CacheTests.swift */; };
		5098967720CA349800987530 /* CGSize+HanekeTests.swift in Sources */ = {isa = PBXBuildFile; fileRef = D18894C819C340C5008E9E4C /* CGSize+HanekeTests.swift */; };
		5098967820CA349800987530 /* DataTests.swift in Sources */ = {isa = PBXBuildFile; fileRef = A05F58F919CCB1DA0009EBDE /* DataTests.swift */; };
		5098967920CA349800987530 /* DiskCacheTests.swift in Sources */ = {isa = PBXBuildFile; fileRef = A0D7D6851997B57A000CAF46 /* DiskCacheTests.swift */; };
		5098967A20CA349800987530 /* DiskFetcherTests.swift in Sources */ = {isa = PBXBuildFile; fileRef = 8C0D39C019CF4BE000452BC4 /* DiskFetcherTests.swift */; };
		5098967B20CA349F00987530 /* NSFileManager+HanekeTests.swift in Sources */ = {isa = PBXBuildFile; fileRef = A0C6BA3B19ACA1A5007111E9 /* NSFileManager+HanekeTests.swift */; };
		5098967C20CA349F00987530 /* String+HanekeTests.swift in Sources */ = {isa = PBXBuildFile; fileRef = A06EE28119B18FE600572D17 /* String+HanekeTests.swift */; };
		5098967D20CA349F00987530 /* UIImage+HanekeTests.swift in Sources */ = {isa = PBXBuildFile; fileRef = A0D7D6881997C4C4000CAF46 /* UIImage+HanekeTests.swift */; };
		5098967E20CA349F00987530 /* NSURLResponse+HanekeTests.swift in Sources */ = {isa = PBXBuildFile; fileRef = A00D364F19C6E1050007586E /* NSURLResponse+HanekeTests.swift */; };
		5098967F20CA349F00987530 /* NSHTTPURLResponse+HanekeTests.swift in Sources */ = {isa = PBXBuildFile; fileRef = 87BCE4761C3764000040B92C /* NSHTTPURLResponse+HanekeTests.swift */; };
		5098968020CA34A200987530 /* FetcherTests.swift in Sources */ = {isa = PBXBuildFile; fileRef = A0EE773119BFDFA500B315A0 /* FetcherTests.swift */; };
		5098968120CA34A200987530 /* FetchTests.swift in Sources */ = {isa = PBXBuildFile; fileRef = A01E148819D7FEF7000247ED /* FetchTests.swift */; };
		5098968220CA34A200987530 /* FormatTests.swift in Sources */ = {isa = PBXBuildFile; fileRef = A06EE27419AE1A6A00572D17 /* FormatTests.swift */; };
		5098968320CA34A200987530 /* HanekeTests.swift in Sources */ = {isa = PBXBuildFile; fileRef = A03F7E7F19BF60040002511F /* HanekeTests.swift */; };
		5098968420CA34A200987530 /* NetworkFetcherTests.swift in Sources */ = {isa = PBXBuildFile; fileRef = A00D364819C6D8870007586E /* NetworkFetcherTests.swift */; };
		5098968520CA34A800987530 /* UIImageView+HanekeTests.swift in Sources */ = {isa = PBXBuildFile; fileRef = A042110419C914CE005000B8 /* UIImageView+HanekeTests.swift */; };
		5098968620CA34A800987530 /* UIButton+HanekeTests.swift in Sources */ = {isa = PBXBuildFile; fileRef = 8CD6E29E19E3467F00F44FCF /* UIButton+HanekeTests.swift */; };
		5098968720CA34AC00987530 /* UIImage+Test.swift in Sources */ = {isa = PBXBuildFile; fileRef = 36C9E04E198C03F80083574B /* UIImage+Test.swift */; };
		5098968820CA34AC00987530 /* NSData+Test.swift in Sources */ = {isa = PBXBuildFile; fileRef = A02088B919A89C6100CE8F01 /* NSData+Test.swift */; };
		5098968920CA34AC00987530 /* DiskTestCase.swift in Sources */ = {isa = PBXBuildFile; fileRef = A0C6BA3E19ACA3C4007111E9 /* DiskTestCase.swift */; };
		5098968A20CA34AC00987530 /* XCTestCase+Test.swift in Sources */ = {isa = PBXBuildFile; fileRef = A00D365419C6E9BE0007586E /* XCTestCase+Test.swift */; };
		5098968B20CA34AC00987530 /* AsyncFetcher.swift in Sources */ = {isa = PBXBuildFile; fileRef = 87BCE4711C37551C0040B92C /* AsyncFetcher.swift */; };
		5098969120CA34E300987530 /* OHHTTPStubs.framework in Frameworks */ = {isa = PBXBuildFile; fileRef = 5098969020CA34E300987530 /* OHHTTPStubs.framework */; };
		5098969220CA34E600987530 /* OHHTTPStubs.framework in CopyFiles */ = {isa = PBXBuildFile; fileRef = 5098969020CA34E300987530 /* OHHTTPStubs.framework */; settings = {ATTRIBUTES = (CodeSignOnCopy, RemoveHeadersOnCopy, ); }; };
		5098969520CA356700987530 /* CryptoSwift.framework in CopyFiles */ = {isa = PBXBuildFile; fileRef = 5098963120CA2ED600987530 /* CryptoSwift.framework */; settings = {ATTRIBUTES = (CodeSignOnCopy, RemoveHeadersOnCopy, ); }; };
		5098969620CA356A00987530 /* CryptoSwift.framework in Frameworks */ = {isa = PBXBuildFile; fileRef = 5098963120CA2ED600987530 /* CryptoSwift.framework */; };
		5098969920CA363200987530 /* CryptoSwift.framework in CopyFiles */ = {isa = PBXBuildFile; fileRef = 5098963320CA2FF700987530 /* CryptoSwift.framework */; settings = {ATTRIBUTES = (CodeSignOnCopy, RemoveHeadersOnCopy, ); }; };
		5098969B20CA369D00987530 /* CryptoSwift.framework in Frameworks */ = {isa = PBXBuildFile; fileRef = 5098963320CA2FF700987530 /* CryptoSwift.framework */; };
		5098969C20CA36AC00987530 /* CryptoSwift.framework in Frameworks */ = {isa = PBXBuildFile; fileRef = 5098963320CA2FF700987530 /* CryptoSwift.framework */; };
		6393C5DC1C3B229200EB1FD8 /* UIView+Haneke.swift in Sources */ = {isa = PBXBuildFile; fileRef = 8C12904A19EE5B040002B336 /* UIView+Haneke.swift */; };
		6393C5DD1C3B229200EB1FD8 /* Fetch.swift in Sources */ = {isa = PBXBuildFile; fileRef = A01E148219D7FA54000247ED /* Fetch.swift */; };
		6393C5DE1C3B229200EB1FD8 /* UIButton+Haneke.swift in Sources */ = {isa = PBXBuildFile; fileRef = 8CD6E29819DB65D000F44FCF /* UIButton+Haneke.swift */; };
		6393C5DF1C3B229200EB1FD8 /* String+Haneke.swift in Sources */ = {isa = PBXBuildFile; fileRef = A06EE27F19B18C7800572D17 /* String+Haneke.swift */; };
		6393C5E01C3B229200EB1FD8 /* Format.swift in Sources */ = {isa = PBXBuildFile; fileRef = A0FDBF9119AD444500326016 /* Format.swift */; };
		6393C5E11C3B229200EB1FD8 /* NSFileManager+Haneke.swift in Sources */ = {isa = PBXBuildFile; fileRef = A0C6BA3919AC0D1E007111E9 /* NSFileManager+Haneke.swift */; };
		6393C5E21C3B229200EB1FD8 /* NetworkFetcher.swift in Sources */ = {isa = PBXBuildFile; fileRef = A00D360119C355C30007586E /* NetworkFetcher.swift */; };
		6393C5E31C3B229200EB1FD8 /* Haneke.swift in Sources */ = {isa = PBXBuildFile; fileRef = A03F7E7D19BF59880002511F /* Haneke.swift */; };
		6393C5E41C3B229200EB1FD8 /* Data.swift in Sources */ = {isa = PBXBuildFile; fileRef = A0E8BFDB19CCAE1D00A4E2B0 /* Data.swift */; };
		6393C5E51C3B229200EB1FD8 /* CGSize+Swift.swift in Sources */ = {isa = PBXBuildFile; fileRef = 36BB64F419BECE1E006A1309 /* CGSize+Swift.swift */; };
		6393C5E61C3B229200EB1FD8 /* Fetcher.swift in Sources */ = {isa = PBXBuildFile; fileRef = A03F7E8119BF94AA0002511F /* Fetcher.swift */; };
		6393C5E71C3B229200EB1FD8 /* NSHTTPURLResponse+Haneke.swift in Sources */ = {isa = PBXBuildFile; fileRef = 87BCE4731C37632A0040B92C /* NSHTTPURLResponse+Haneke.swift */; };
		6393C5E81C3B229200EB1FD8 /* Cache.swift in Sources */ = {isa = PBXBuildFile; fileRef = A095C972198041D100CD0F4C /* Cache.swift */; };
		6393C5E91C3B229200EB1FD8 /* UIImage+Haneke.swift in Sources */ = {isa = PBXBuildFile; fileRef = A0D7D6831997B2EC000CAF46 /* UIImage+Haneke.swift */; };
		6393C5EA1C3B229200EB1FD8 /* DiskFetcher.swift in Sources */ = {isa = PBXBuildFile; fileRef = 8C0D39C519CF4CB900452BC4 /* DiskFetcher.swift */; };
		6393C5EB1C3B229200EB1FD8 /* Log.swift in Sources */ = {isa = PBXBuildFile; fileRef = A0985E5B1A10810500691636 /* Log.swift */; };
		6393C5ED1C3B229200EB1FD8 /* DiskCache.swift in Sources */ = {isa = PBXBuildFile; fileRef = A0D7D68019978F9A000CAF46 /* DiskCache.swift */; };
		6393C5EE1C3B229200EB1FD8 /* UIImageView+Haneke.swift in Sources */ = {isa = PBXBuildFile; fileRef = A04210FB19C90292005000B8 /* UIImageView+Haneke.swift */; };
		6393C5EF1C3B229200EB1FD8 /* NSURLResponse+Haneke.swift in Sources */ = {isa = PBXBuildFile; fileRef = A00D360319C36E680007586E /* NSURLResponse+Haneke.swift */; };
		6393C5F21C3B229200EB1FD8 /* Haneke.h in Headers */ = {isa = PBXBuildFile; fileRef = A095C95B1980418C00CD0F4C /* Haneke.h */; settings = {ATTRIBUTES = (Public, ); }; };
		87BCE4741C37632A0040B92C /* NSHTTPURLResponse+Haneke.swift in Sources */ = {isa = PBXBuildFile; fileRef = 87BCE4731C37632A0040B92C /* NSHTTPURLResponse+Haneke.swift */; };
		8C0D39C619CF4CB900452BC4 /* DiskFetcher.swift in Sources */ = {isa = PBXBuildFile; fileRef = 8C0D39C519CF4CB900452BC4 /* DiskFetcher.swift */; };
		8C12904B19EE5B040002B336 /* UIView+Haneke.swift in Sources */ = {isa = PBXBuildFile; fileRef = 8C12904A19EE5B040002B336 /* UIView+Haneke.swift */; };
		8CD6E29919DB65D000F44FCF /* UIButton+Haneke.swift in Sources */ = {isa = PBXBuildFile; fileRef = 8CD6E29819DB65D000F44FCF /* UIButton+Haneke.swift */; };
		A00D360219C355C30007586E /* NetworkFetcher.swift in Sources */ = {isa = PBXBuildFile; fileRef = A00D360119C355C30007586E /* NetworkFetcher.swift */; };
		A00D360419C36E680007586E /* NSURLResponse+Haneke.swift in Sources */ = {isa = PBXBuildFile; fileRef = A00D360319C36E680007586E /* NSURLResponse+Haneke.swift */; };
		A01E148319D7FA54000247ED /* Fetch.swift in Sources */ = {isa = PBXBuildFile; fileRef = A01E148219D7FA54000247ED /* Fetch.swift */; };
		A03F7E7E19BF59880002511F /* Haneke.swift in Sources */ = {isa = PBXBuildFile; fileRef = A03F7E7D19BF59880002511F /* Haneke.swift */; };
		A03F7E8219BF94AA0002511F /* Fetcher.swift in Sources */ = {isa = PBXBuildFile; fileRef = A03F7E8119BF94AA0002511F /* Fetcher.swift */; };
		A04210FC19C90292005000B8 /* UIImageView+Haneke.swift in Sources */ = {isa = PBXBuildFile; fileRef = A04210FB19C90292005000B8 /* UIImageView+Haneke.swift */; };
		A06EE28019B18C7800572D17 /* String+Haneke.swift in Sources */ = {isa = PBXBuildFile; fileRef = A06EE27F19B18C7800572D17 /* String+Haneke.swift */; };
		A095C95C1980418C00CD0F4C /* Haneke.h in Headers */ = {isa = PBXBuildFile; fileRef = A095C95B1980418C00CD0F4C /* Haneke.h */; settings = {ATTRIBUTES = (Public, ); }; };
		A095C973198041D100CD0F4C /* Cache.swift in Sources */ = {isa = PBXBuildFile; fileRef = A095C972198041D100CD0F4C /* Cache.swift */; };
		A0985E5C1A10810500691636 /* Log.swift in Sources */ = {isa = PBXBuildFile; fileRef = A0985E5B1A10810500691636 /* Log.swift */; };
		A0C6BA3A19AC0D1E007111E9 /* NSFileManager+Haneke.swift in Sources */ = {isa = PBXBuildFile; fileRef = A0C6BA3919AC0D1E007111E9 /* NSFileManager+Haneke.swift */; };
		A0D7D68119978F9A000CAF46 /* DiskCache.swift in Sources */ = {isa = PBXBuildFile; fileRef = A0D7D68019978F9A000CAF46 /* DiskCache.swift */; };
		A0D7D6841997B2EC000CAF46 /* UIImage+Haneke.swift in Sources */ = {isa = PBXBuildFile; fileRef = A0D7D6831997B2EC000CAF46 /* UIImage+Haneke.swift */; };
		A0E8BFDC19CCAE1D00A4E2B0 /* Data.swift in Sources */ = {isa = PBXBuildFile; fileRef = A0E8BFDB19CCAE1D00A4E2B0 /* Data.swift */; };
		A0FDBF9219AD444500326016 /* Format.swift in Sources */ = {isa = PBXBuildFile; fileRef = A0FDBF9119AD444500326016 /* Format.swift */; };
/* End PBXBuildFile section */

/* Begin PBXContainerItemProxy section */
		5098964320CA31C300987530 /* PBXContainerItemProxy */ = {
			isa = PBXContainerItemProxy;
			containerPortal = A095C94D1980418C00CD0F4C /* Project object */;
			proxyType = 1;
			remoteGlobalIDString = A095C9551980418C00CD0F4C;
			remoteInfo = "Haneke-iOS";
		};
		5098967120CA344B00987530 /* PBXContainerItemProxy */ = {
			isa = PBXContainerItemProxy;
			containerPortal = A095C94D1980418C00CD0F4C /* Project object */;
			proxyType = 1;
			remoteGlobalIDString = 6393C5DA1C3B229200EB1FD8;
			remoteInfo = "Haneke-tvOS";
		};
/* End PBXContainerItemProxy section */

/* Begin PBXCopyFilesBuildPhase section */
		5098966020CA32C800987530 /* CopyFiles */ = {
			isa = PBXCopyFilesBuildPhase;
			buildActionMask = 2147483647;
			dstPath = "";
			dstSubfolderSpec = 10;
			files = (
				5098966620CA33B100987530 /* OHHTTPStubs.framework in CopyFiles */,
				5098969520CA356700987530 /* CryptoSwift.framework in CopyFiles */,
			);
			runOnlyForDeploymentPostprocessing = 0;
		};
		5098968D20CA34C600987530 /* CopyFiles */ = {
			isa = PBXCopyFilesBuildPhase;
			buildActionMask = 2147483647;
			dstPath = "";
			dstSubfolderSpec = 10;
			files = (
				5098969220CA34E600987530 /* OHHTTPStubs.framework in CopyFiles */,
				5098969920CA363200987530 /* CryptoSwift.framework in CopyFiles */,
			);
			runOnlyForDeploymentPostprocessing = 0;
		};
/* End PBXCopyFilesBuildPhase section */

/* Begin PBXFileReference section */
		36BB64F419BECE1E006A1309 /* CGSize+Swift.swift */ = {isa = PBXFileReference; fileEncoding = 4; lastKnownFileType = sourcecode.swift; path = "CGSize+Swift.swift"; sourceTree = "<group>"; };
		36C9E04E198C03F80083574B /* UIImage+Test.swift */ = {isa = PBXFileReference; fileEncoding = 4; lastKnownFileType = sourcecode.swift; path = "UIImage+Test.swift"; sourceTree = "<group>"; };
		5098963120CA2ED600987530 /* CryptoSwift.framework */ = {isa = PBXFileReference; lastKnownFileType = wrapper.framework; name = CryptoSwift.framework; path = Carthage/Build/iOS/CryptoSwift.framework; sourceTree = "<group>"; };
		5098963320CA2FF700987530 /* CryptoSwift.framework */ = {isa = PBXFileReference; lastKnownFileType = wrapper.framework; name = CryptoSwift.framework; path = Carthage/Build/tvOS/CryptoSwift.framework; sourceTree = "<group>"; };
		5098963D20CA31C300987530 /* Haneke-IOSTests.xctest */ = {isa = PBXFileReference; explicitFileType = wrapper.cfbundle; includeInIndex = 0; path = "Haneke-IOSTests.xctest"; sourceTree = BUILT_PRODUCTS_DIR; };
		5098964120CA31C300987530 /* Haneke-IOSTests.plist */ = {isa = PBXFileReference; lastKnownFileType = text.plist.xml; path = "Haneke-IOSTests.plist"; sourceTree = "<group>"; };
		5098966420CA33AB00987530 /* OHHTTPStubs.framework */ = {isa = PBXFileReference; lastKnownFileType = wrapper.framework; name = OHHTTPStubs.framework; path = Carthage/Build/iOS/OHHTTPStubs.framework; sourceTree = "<group>"; };
		5098966B20CA344B00987530 /* Haneke-tvOSTests.xctest */ = {isa = PBXFileReference; explicitFileType = wrapper.cfbundle; includeInIndex = 0; path = "Haneke-tvOSTests.xctest"; sourceTree = BUILT_PRODUCTS_DIR; };
		5098966F20CA344B00987530 /* Haneke-tvOSTests.plist */ = {isa = PBXFileReference; lastKnownFileType = text.plist.xml; path = "Haneke-tvOSTests.plist"; sourceTree = "<group>"; };
		5098969020CA34E300987530 /* OHHTTPStubs.framework */ = {isa = PBXFileReference; lastKnownFileType = wrapper.framework; name = OHHTTPStubs.framework; path = Carthage/Build/tvOS/OHHTTPStubs.framework; sourceTree = "<group>"; };
		6393C5F71C3B229200EB1FD8 /* Haneke.framework */ = {isa = PBXFileReference; explicitFileType = wrapper.framework; includeInIndex = 0; path = Haneke.framework; sourceTree = BUILT_PRODUCTS_DIR; };
		6393C5F81C3B229200EB1FD8 /* Info-tvOS.plist */ = {isa = PBXFileReference; lastKnownFileType = text.plist.xml; name = "Info-tvOS.plist"; path = "/Users/robertnash/Code/HanekeSwift/Haneke/Info-tvOS.plist"; sourceTree = "<absolute>"; };
		87BCE4711C37551C0040B92C /* AsyncFetcher.swift */ = {isa = PBXFileReference; fileEncoding = 4; lastKnownFileType = sourcecode.swift; path = AsyncFetcher.swift; sourceTree = "<group>"; };
		87BCE4731C37632A0040B92C /* NSHTTPURLResponse+Haneke.swift */ = {isa = PBXFileReference; fileEncoding = 4; lastKnownFileType = sourcecode.swift; path = "NSHTTPURLResponse+Haneke.swift"; sourceTree = "<group>"; };
		87BCE4761C3764000040B92C /* NSHTTPURLResponse+HanekeTests.swift */ = {isa = PBXFileReference; fileEncoding = 4; lastKnownFileType = sourcecode.swift; path = "NSHTTPURLResponse+HanekeTests.swift"; sourceTree = "<group>"; };
		8C0D39C019CF4BE000452BC4 /* DiskFetcherTests.swift */ = {isa = PBXFileReference; fileEncoding = 4; lastKnownFileType = sourcecode.swift; path = DiskFetcherTests.swift; sourceTree = "<group>"; };
		8C0D39C519CF4CB900452BC4 /* DiskFetcher.swift */ = {isa = PBXFileReference; fileEncoding = 4; lastKnownFileType = sourcecode.swift; path = DiskFetcher.swift; sourceTree = "<group>"; };
		8C12904A19EE5B040002B336 /* UIView+Haneke.swift */ = {isa = PBXFileReference; fileEncoding = 4; lastKnownFileType = sourcecode.swift; path = "UIView+Haneke.swift"; sourceTree = "<group>"; };
		8CD6E29819DB65D000F44FCF /* UIButton+Haneke.swift */ = {isa = PBXFileReference; fileEncoding = 4; lastKnownFileType = sourcecode.swift; path = "UIButton+Haneke.swift"; sourceTree = "<group>"; };
		8CD6E29E19E3467F00F44FCF /* UIButton+HanekeTests.swift */ = {isa = PBXFileReference; fileEncoding = 4; lastKnownFileType = sourcecode.swift; path = "UIButton+HanekeTests.swift"; sourceTree = "<group>"; };
		A00D360119C355C30007586E /* NetworkFetcher.swift */ = {isa = PBXFileReference; fileEncoding = 4; lastKnownFileType = sourcecode.swift; path = NetworkFetcher.swift; sourceTree = "<group>"; };
		A00D360319C36E680007586E /* NSURLResponse+Haneke.swift */ = {isa = PBXFileReference; fileEncoding = 4; lastKnownFileType = sourcecode.swift; path = "NSURLResponse+Haneke.swift"; sourceTree = "<group>"; };
		A00D364819C6D8870007586E /* NetworkFetcherTests.swift */ = {isa = PBXFileReference; fileEncoding = 4; lastKnownFileType = sourcecode.swift; path = NetworkFetcherTests.swift; sourceTree = "<group>"; };
		A00D364F19C6E1050007586E /* NSURLResponse+HanekeTests.swift */ = {isa = PBXFileReference; fileEncoding = 4; lastKnownFileType = sourcecode.swift; path = "NSURLResponse+HanekeTests.swift"; sourceTree = "<group>"; };
		A00D365419C6E9BE0007586E /* XCTestCase+Test.swift */ = {isa = PBXFileReference; fileEncoding = 4; lastKnownFileType = sourcecode.swift; path = "XCTestCase+Test.swift"; sourceTree = "<group>"; };
		A01E148219D7FA54000247ED /* Fetch.swift */ = {isa = PBXFileReference; fileEncoding = 4; lastKnownFileType = sourcecode.swift; path = Fetch.swift; sourceTree = "<group>"; };
		A01E148819D7FEF7000247ED /* FetchTests.swift */ = {isa = PBXFileReference; fileEncoding = 4; lastKnownFileType = sourcecode.swift; path = FetchTests.swift; sourceTree = "<group>"; };
		A02088B919A89C6100CE8F01 /* NSData+Test.swift */ = {isa = PBXFileReference; fileEncoding = 4; lastKnownFileType = sourcecode.swift; path = "NSData+Test.swift"; sourceTree = "<group>"; };
		A03F7E7D19BF59880002511F /* Haneke.swift */ = {isa = PBXFileReference; fileEncoding = 4; lastKnownFileType = sourcecode.swift; path = Haneke.swift; sourceTree = "<group>"; };
		A03F7E7F19BF60040002511F /* HanekeTests.swift */ = {isa = PBXFileReference; fileEncoding = 4; lastKnownFileType = sourcecode.swift; path = HanekeTests.swift; sourceTree = "<group>"; };
		A03F7E8119BF94AA0002511F /* Fetcher.swift */ = {isa = PBXFileReference; fileEncoding = 4; lastKnownFileType = sourcecode.swift; path = Fetcher.swift; sourceTree = "<group>"; };
		A04210FB19C90292005000B8 /* UIImageView+Haneke.swift */ = {isa = PBXFileReference; fileEncoding = 4; lastKnownFileType = sourcecode.swift; path = "UIImageView+Haneke.swift"; sourceTree = "<group>"; };
		A042110419C914CE005000B8 /* UIImageView+HanekeTests.swift */ = {isa = PBXFileReference; fileEncoding = 4; lastKnownFileType = sourcecode.swift; path = "UIImageView+HanekeTests.swift"; sourceTree = "<group>"; };
		A05F58F919CCB1DA0009EBDE /* DataTests.swift */ = {isa = PBXFileReference; fileEncoding = 4; lastKnownFileType = sourcecode.swift; path = DataTests.swift; sourceTree = "<group>"; };
		A06EE27419AE1A6A00572D17 /* FormatTests.swift */ = {isa = PBXFileReference; fileEncoding = 4; lastKnownFileType = sourcecode.swift; path = FormatTests.swift; sourceTree = "<group>"; };
		A06EE27F19B18C7800572D17 /* String+Haneke.swift */ = {isa = PBXFileReference; fileEncoding = 4; lastKnownFileType = sourcecode.swift; path = "String+Haneke.swift"; sourceTree = "<group>"; };
		A06EE28119B18FE600572D17 /* String+HanekeTests.swift */ = {isa = PBXFileReference; fileEncoding = 4; lastKnownFileType = sourcecode.swift; path = "String+HanekeTests.swift"; sourceTree = "<group>"; };
		A095C9561980418C00CD0F4C /* Haneke.framework */ = {isa = PBXFileReference; explicitFileType = wrapper.framework; includeInIndex = 0; path = Haneke.framework; sourceTree = BUILT_PRODUCTS_DIR; };
		A095C95A1980418C00CD0F4C /* Info-iOS.plist */ = {isa = PBXFileReference; lastKnownFileType = text.plist.xml; path = "Info-iOS.plist"; sourceTree = "<group>"; };
		A095C95B1980418C00CD0F4C /* Haneke.h */ = {isa = PBXFileReference; lastKnownFileType = sourcecode.c.h; path = Haneke.h; sourceTree = "<group>"; };
		A095C9671980418C00CD0F4C /* Info.plist */ = {isa = PBXFileReference; lastKnownFileType = text.plist.xml; path = Info.plist; sourceTree = "<group>"; };
		A095C972198041D100CD0F4C /* Cache.swift */ = {isa = PBXFileReference; fileEncoding = 4; lastKnownFileType = sourcecode.swift; path = Cache.swift; sourceTree = "<group>"; };
		A095C974198045D200CD0F4C /* CacheTests.swift */ = {isa = PBXFileReference; fileEncoding = 4; lastKnownFileType = sourcecode.swift; path = CacheTests.swift; sourceTree = "<group>"; };
		A0985E5B1A10810500691636 /* Log.swift */ = {isa = PBXFileReference; fileEncoding = 4; lastKnownFileType = sourcecode.swift; path = Log.swift; sourceTree = "<group>"; };
		A0C6BA3919AC0D1E007111E9 /* NSFileManager+Haneke.swift */ = {isa = PBXFileReference; fileEncoding = 4; lastKnownFileType = sourcecode.swift; path = "NSFileManager+Haneke.swift"; sourceTree = "<group>"; };
		A0C6BA3B19ACA1A5007111E9 /* NSFileManager+HanekeTests.swift */ = {isa = PBXFileReference; fileEncoding = 4; lastKnownFileType = sourcecode.swift; path = "NSFileManager+HanekeTests.swift"; sourceTree = "<group>"; };
		A0C6BA3E19ACA3C4007111E9 /* DiskTestCase.swift */ = {isa = PBXFileReference; fileEncoding = 4; lastKnownFileType = sourcecode.swift; path = DiskTestCase.swift; sourceTree = "<group>"; };
		A0D7D68019978F9A000CAF46 /* DiskCache.swift */ = {isa = PBXFileReference; fileEncoding = 4; lastKnownFileType = sourcecode.swift; path = DiskCache.swift; sourceTree = "<group>"; };
		A0D7D6831997B2EC000CAF46 /* UIImage+Haneke.swift */ = {isa = PBXFileReference; fileEncoding = 4; lastKnownFileType = sourcecode.swift; path = "UIImage+Haneke.swift"; sourceTree = "<group>"; };
		A0D7D6851997B57A000CAF46 /* DiskCacheTests.swift */ = {isa = PBXFileReference; fileEncoding = 4; lastKnownFileType = sourcecode.swift; path = DiskCacheTests.swift; sourceTree = "<group>"; };
		A0D7D6881997C4C4000CAF46 /* UIImage+HanekeTests.swift */ = {isa = PBXFileReference; fileEncoding = 4; lastKnownFileType = sourcecode.swift; path = "UIImage+HanekeTests.swift"; sourceTree = "<group>"; };
		A0E8BFDB19CCAE1D00A4E2B0 /* Data.swift */ = {isa = PBXFileReference; fileEncoding = 4; lastKnownFileType = sourcecode.swift; path = Data.swift; sourceTree = "<group>"; };
		A0EE773119BFDFA500B315A0 /* FetcherTests.swift */ = {isa = PBXFileReference; fileEncoding = 4; lastKnownFileType = sourcecode.swift; path = FetcherTests.swift; sourceTree = "<group>"; };
		A0FDBF9119AD444500326016 /* Format.swift */ = {isa = PBXFileReference; fileEncoding = 4; lastKnownFileType = sourcecode.swift; path = Format.swift; sourceTree = "<group>"; };
		D18894C819C340C5008E9E4C /* CGSize+HanekeTests.swift */ = {isa = PBXFileReference; fileEncoding = 4; lastKnownFileType = sourcecode.swift; path = "CGSize+HanekeTests.swift"; sourceTree = "<group>"; };
/* End PBXFileReference section */

/* Begin PBXFrameworksBuildPhase section */
		5098963A20CA31C300987530 /* Frameworks */ = {
			isa = PBXFrameworksBuildPhase;
			buildActionMask = 2147483647;
			files = (
				5098964220CA31C300987530 /* Haneke.framework in Frameworks */,
				5098966520CA33AB00987530 /* OHHTTPStubs.framework in Frameworks */,
				5098969620CA356A00987530 /* CryptoSwift.framework in Frameworks */,
			);
			runOnlyForDeploymentPostprocessing = 0;
		};
		5098966820CA344B00987530 /* Frameworks */ = {
			isa = PBXFrameworksBuildPhase;
			buildActionMask = 2147483647;
			files = (
				5098969C20CA36AC00987530 /* CryptoSwift.framework in Frameworks */,
				5098967020CA344B00987530 /* Haneke.framework in Frameworks */,
				5098969120CA34E300987530 /* OHHTTPStubs.framework in Frameworks */,
			);
			runOnlyForDeploymentPostprocessing = 0;
		};
		6393C5F01C3B229200EB1FD8 /* Frameworks */ = {
			isa = PBXFrameworksBuildPhase;
			buildActionMask = 2147483647;
			files = (
				5098969B20CA369D00987530 /* CryptoSwift.framework in Frameworks */,
			);
			runOnlyForDeploymentPostprocessing = 0;
		};
		A095C9521980418C00CD0F4C /* Frameworks */ = {
			isa = PBXFrameworksBuildPhase;
			buildActionMask = 2147483647;
			files = (
				5098963220CA2ED600987530 /* CryptoSwift.framework in Frameworks */,
			);
			runOnlyForDeploymentPostprocessing = 0;
		};
/* End PBXFrameworksBuildPhase section */

/* Begin PBXGroup section */
		5098963020CA2ED500987530 /* Frameworks */ = {
			isa = PBXGroup;
			children = (
				5098966420CA33AB00987530 /* OHHTTPStubs.framework */,
				5098969020CA34E300987530 /* OHHTTPStubs.framework */,
				5098963320CA2FF700987530 /* CryptoSwift.framework */,
				5098963120CA2ED600987530 /* CryptoSwift.framework */,
			);
			name = Frameworks;
			sourceTree = "<group>";
		};
		A00D364E19C6E0CB0007586E /* Extensions */ = {
			isa = PBXGroup;
			children = (
				A0C6BA3B19ACA1A5007111E9 /* NSFileManager+HanekeTests.swift */,
				A06EE28119B18FE600572D17 /* String+HanekeTests.swift */,
				A0D7D6881997C4C4000CAF46 /* UIImage+HanekeTests.swift */,
				A00D364F19C6E1050007586E /* NSURLResponse+HanekeTests.swift */,
				87BCE4761C3764000040B92C /* NSHTTPURLResponse+HanekeTests.swift */,
			);
			name = Extensions;
			sourceTree = "<group>";
		};
		A04210F719C9025C005000B8 /* UIKit */ = {
			isa = PBXGroup;
			children = (
				8CD6E29819DB65D000F44FCF /* UIButton+Haneke.swift */,
				A04210FB19C90292005000B8 /* UIImageView+Haneke.swift */,
				8C12904A19EE5B040002B336 /* UIView+Haneke.swift */,
			);
			name = UIKit;
			sourceTree = "<group>";
		};
		A04210FF19C90E5B005000B8 /* UIKit */ = {
			isa = PBXGroup;
			children = (
				A042110419C914CE005000B8 /* UIImageView+HanekeTests.swift */,
				8CD6E29E19E3467F00F44FCF /* UIButton+HanekeTests.swift */,
			);
			name = UIKit;
			sourceTree = "<group>";
		};
		A095C94C1980418C00CD0F4C = {
			isa = PBXGroup;
			children = (
				A095C9581980418C00CD0F4C /* Haneke */,
				A095C9651980418C00CD0F4C /* HanekeTests */,
				A095C9571980418C00CD0F4C /* Products */,
				5098963020CA2ED500987530 /* Frameworks */,
			);
			sourceTree = "<group>";
		};
		A095C9571980418C00CD0F4C /* Products */ = {
			isa = PBXGroup;
			children = (
				A095C9561980418C00CD0F4C /* Haneke.framework */,
				6393C5F71C3B229200EB1FD8 /* Haneke.framework */,
				5098963D20CA31C300987530 /* Haneke-IOSTests.xctest */,
				5098966B20CA344B00987530 /* Haneke-tvOSTests.xctest */,
			);
			name = Products;
			sourceTree = "<group>";
		};
		A095C9581980418C00CD0F4C /* Haneke */ = {
			isa = PBXGroup;
			children = (
				A095C972198041D100CD0F4C /* Cache.swift */,
				A0E8BFDB19CCAE1D00A4E2B0 /* Data.swift */,
				A0D7D68019978F9A000CAF46 /* DiskCache.swift */,
				8C0D39C519CF4CB900452BC4 /* DiskFetcher.swift */,
				A0D7D6821997B2D8000CAF46 /* Extensions */,
				A01E148219D7FA54000247ED /* Fetch.swift */,
				A03F7E8119BF94AA0002511F /* Fetcher.swift */,
				A0FDBF9119AD444500326016 /* Format.swift */,
				A095C95B1980418C00CD0F4C /* Haneke.h */,
				A03F7E7D19BF59880002511F /* Haneke.swift */,
				A0985E5B1A10810500691636 /* Log.swift */,
				A00D360119C355C30007586E /* NetworkFetcher.swift */,
				A095C9591980418C00CD0F4C /* Supporting Files */,
				A04210F719C9025C005000B8 /* UIKit */,
			);
			path = Haneke;
			sourceTree = "<group>";
		};
		A095C9591980418C00CD0F4C /* Supporting Files */ = {
			isa = PBXGroup;
			children = (
				6393C5F81C3B229200EB1FD8 /* Info-tvOS.plist */,
				A095C95A1980418C00CD0F4C /* Info-iOS.plist */,
			);
			name = "Supporting Files";
			sourceTree = "<group>";
		};
		A095C9651980418C00CD0F4C /* HanekeTests */ = {
			isa = PBXGroup;
			children = (
				5098964120CA31C300987530 /* Haneke-IOSTests.plist */,
				5098966F20CA344B00987530 /* Haneke-tvOSTests.plist */,
				A095C974198045D200CD0F4C /* CacheTests.swift */,
				D18894C819C340C5008E9E4C /* CGSize+HanekeTests.swift */,
				A05F58F919CCB1DA0009EBDE /* DataTests.swift */,
				A0D7D6851997B57A000CAF46 /* DiskCacheTests.swift */,
				8C0D39C019CF4BE000452BC4 /* DiskFetcherTests.swift */,
				A00D364E19C6E0CB0007586E /* Extensions */,
				A0EE773119BFDFA500B315A0 /* FetcherTests.swift */,
				A01E148819D7FEF7000247ED /* FetchTests.swift */,
				A06EE27419AE1A6A00572D17 /* FormatTests.swift */,
				A03F7E7F19BF60040002511F /* HanekeTests.swift */,
				A00D364819C6D8870007586E /* NetworkFetcherTests.swift */,
				A095C9661980418C00CD0F4C /* Supporting Files */,
				A04210FF19C90E5B005000B8 /* UIKit */,
				A0D7D6871997C4AC000CAF46 /* Utils */,
			);
			path = HanekeTests;
			sourceTree = "<group>";
		};
		A095C9661980418C00CD0F4C /* Supporting Files */ = {
			isa = PBXGroup;
			children = (
				A095C9671980418C00CD0F4C /* Info.plist */,
			);
			name = "Supporting Files";
			sourceTree = "<group>";
		};
		A0D7D6821997B2D8000CAF46 /* Extensions */ = {
			isa = PBXGroup;
			children = (
				36BB64F419BECE1E006A1309 /* CGSize+Swift.swift */,
				A0C6BA3919AC0D1E007111E9 /* NSFileManager+Haneke.swift */,
				A06EE27F19B18C7800572D17 /* String+Haneke.swift */,
				A0D7D6831997B2EC000CAF46 /* UIImage+Haneke.swift */,
				A00D360319C36E680007586E /* NSURLResponse+Haneke.swift */,
				87BCE4731C37632A0040B92C /* NSHTTPURLResponse+Haneke.swift */,
			);
			name = Extensions;
			sourceTree = "<group>";
		};
		A0D7D6871997C4AC000CAF46 /* Utils */ = {
			isa = PBXGroup;
			children = (
				36C9E04E198C03F80083574B /* UIImage+Test.swift */,
				A02088B919A89C6100CE8F01 /* NSData+Test.swift */,
				A0C6BA3E19ACA3C4007111E9 /* DiskTestCase.swift */,
				A00D365419C6E9BE0007586E /* XCTestCase+Test.swift */,
				87BCE4711C37551C0040B92C /* AsyncFetcher.swift */,
			);
			name = Utils;
			sourceTree = "<group>";
		};
/* End PBXGroup section */

/* Begin PBXHeadersBuildPhase section */
		6393C5F11C3B229200EB1FD8 /* Headers */ = {
			isa = PBXHeadersBuildPhase;
			buildActionMask = 2147483647;
			files = (
				6393C5F21C3B229200EB1FD8 /* Haneke.h in Headers */,
			);
			runOnlyForDeploymentPostprocessing = 0;
		};
		A095C9531980418C00CD0F4C /* Headers */ = {
			isa = PBXHeadersBuildPhase;
			buildActionMask = 2147483647;
			files = (
				A095C95C1980418C00CD0F4C /* Haneke.h in Headers */,
			);
			runOnlyForDeploymentPostprocessing = 0;
		};
/* End PBXHeadersBuildPhase section */

/* Begin PBXNativeTarget section */
		5098963C20CA31C300987530 /* Haneke-IOSTests */ = {
			isa = PBXNativeTarget;
			buildConfigurationList = 5098964520CA31C300987530 /* Build configuration list for PBXNativeTarget "Haneke-IOSTests" */;
			buildPhases = (
				5098963920CA31C300987530 /* Sources */,
				5098963A20CA31C300987530 /* Frameworks */,
				5098963B20CA31C300987530 /* Resources */,
				5098966020CA32C800987530 /* CopyFiles */,
			);
			buildRules = (
			);
			dependencies = (
				5098964420CA31C300987530 /* PBXTargetDependency */,
			);
			name = "Haneke-IOSTests";
			productName = "Haneke-IOSTests";
			productReference = 5098963D20CA31C300987530 /* Haneke-IOSTests.xctest */;
			productType = "com.apple.product-type.bundle.unit-test";
		};
		5098966A20CA344B00987530 /* Haneke-tvOSTests */ = {
			isa = PBXNativeTarget;
			buildConfigurationList = 5098967320CA344B00987530 /* Build configuration list for PBXNativeTarget "Haneke-tvOSTests" */;
			buildPhases = (
				5098966720CA344B00987530 /* Sources */,
				5098966820CA344B00987530 /* Frameworks */,
				5098966920CA344B00987530 /* Resources */,
				5098968D20CA34C600987530 /* CopyFiles */,
			);
			buildRules = (
			);
			dependencies = (
				5098967220CA344B00987530 /* PBXTargetDependency */,
			);
			name = "Haneke-tvOSTests";
			productName = "Haneke-tvOSTests";
			productReference = 5098966B20CA344B00987530 /* Haneke-tvOSTests.xctest */;
			productType = "com.apple.product-type.bundle.unit-test";
		};
		6393C5DA1C3B229200EB1FD8 /* Haneke-tvOS */ = {
			isa = PBXNativeTarget;
			buildConfigurationList = 6393C5F41C3B229200EB1FD8 /* Build configuration list for PBXNativeTarget "Haneke-tvOS" */;
			buildPhases = (
				6393C5DB1C3B229200EB1FD8 /* Sources */,
				6393C5F01C3B229200EB1FD8 /* Frameworks */,
				6393C5F11C3B229200EB1FD8 /* Headers */,
				6393C5F31C3B229200EB1FD8 /* Resources */,
			);
			buildRules = (
			);
			dependencies = (
			);
			name = "Haneke-tvOS";
			productName = Haneke;
			productReference = 6393C5F71C3B229200EB1FD8 /* Haneke.framework */;
			productType = "com.apple.product-type.framework";
		};
		A095C9551980418C00CD0F4C /* Haneke-iOS */ = {
			isa = PBXNativeTarget;
			buildConfigurationList = A095C96C1980418C00CD0F4C /* Build configuration list for PBXNativeTarget "Haneke-iOS" */;
			buildPhases = (
				A095C9511980418C00CD0F4C /* Sources */,
				A095C9521980418C00CD0F4C /* Frameworks */,
				A095C9531980418C00CD0F4C /* Headers */,
				A095C9541980418C00CD0F4C /* Resources */,
			);
			buildRules = (
			);
			dependencies = (
			);
			name = "Haneke-iOS";
			productName = Haneke;
			productReference = A095C9561980418C00CD0F4C /* Haneke.framework */;
			productType = "com.apple.product-type.framework";
		};
/* End PBXNativeTarget section */

/* Begin PBXProject section */
		A095C94D1980418C00CD0F4C /* Project object */ = {
			isa = PBXProject;
			attributes = {
				LastSwiftUpdateCheck = 0940;
				LastUpgradeCheck = 0940;
				ORGANIZATIONNAME = Haneke;
				TargetAttributes = {
					5098963C20CA31C300987530 = {
						CreatedOnToolsVersion = 9.4;
						ProvisioningStyle = Automatic;
					};
					5098966A20CA344B00987530 = {
						CreatedOnToolsVersion = 9.4;
						ProvisioningStyle = Automatic;
					};
					6393C5DA1C3B229200EB1FD8 = {
						LastSwiftMigration = 0800;
					};
					A095C9551980418C00CD0F4C = {
						CreatedOnToolsVersion = 6.0;
						LastSwiftMigration = 0800;
					};
				};
			};
			buildConfigurationList = A095C9501980418C00CD0F4C /* Build configuration list for PBXProject "Haneke" */;
			compatibilityVersion = "Xcode 3.2";
			developmentRegion = English;
			hasScannedForEncodings = 0;
			knownRegions = (
				en,
				Base,
			);
			mainGroup = A095C94C1980418C00CD0F4C;
			productRefGroup = A095C9571980418C00CD0F4C /* Products */;
			projectDirPath = "";
			projectRoot = "";
			targets = (
				A095C9551980418C00CD0F4C /* Haneke-iOS */,
				5098963C20CA31C300987530 /* Haneke-IOSTests */,
				6393C5DA1C3B229200EB1FD8 /* Haneke-tvOS */,
				5098966A20CA344B00987530 /* Haneke-tvOSTests */,
			);
		};
/* End PBXProject section */

/* Begin PBXResourcesBuildPhase section */
		5098963B20CA31C300987530 /* Resources */ = {
			isa = PBXResourcesBuildPhase;
			buildActionMask = 2147483647;
			files = (
			);
			runOnlyForDeploymentPostprocessing = 0;
		};
		5098966920CA344B00987530 /* Resources */ = {
			isa = PBXResourcesBuildPhase;
			buildActionMask = 2147483647;
			files = (
			);
			runOnlyForDeploymentPostprocessing = 0;
		};
		6393C5F31C3B229200EB1FD8 /* Resources */ = {
			isa = PBXResourcesBuildPhase;
			buildActionMask = 2147483647;
			files = (
			);
			runOnlyForDeploymentPostprocessing = 0;
		};
		A095C9541980418C00CD0F4C /* Resources */ = {
			isa = PBXResourcesBuildPhase;
			buildActionMask = 2147483647;
			files = (
			);
			runOnlyForDeploymentPostprocessing = 0;
		};
/* End PBXResourcesBuildPhase section */

/* Begin PBXSourcesBuildPhase section */
		5098963920CA31C300987530 /* Sources */ = {
			isa = PBXSourcesBuildPhase;
			buildActionMask = 2147483647;
			files = (
				5098965120CA320600987530 /* UIImage+HanekeTests.swift in Sources */,
				5098965420CA320D00987530 /* FetcherTests.swift in Sources */,
				5098965C20CA321E00987530 /* NSData+Test.swift in Sources */,
				5098965820CA321400987530 /* NetworkFetcherTests.swift in Sources */,
				5098964F20CA320600987530 /* NSFileManager+HanekeTests.swift in Sources */,
				5098965920CA321800987530 /* UIImageView+HanekeTests.swift in Sources */,
				5098964D20CA320100987530 /* DiskCacheTests.swift in Sources */,
				5098965720CA321400987530 /* HanekeTests.swift in Sources */,
				5098964B20CA320100987530 /* CGSize+HanekeTests.swift in Sources */,
				5098965520CA320D00987530 /* FetchTests.swift in Sources */,
				5098965B20CA321E00987530 /* UIImage+Test.swift in Sources */,
				5098965D20CA321E00987530 /* DiskTestCase.swift in Sources */,
				5098964E20CA320100987530 /* DiskFetcherTests.swift in Sources */,
				5098965F20CA321E00987530 /* AsyncFetcher.swift in Sources */,
				5098965220CA320600987530 /* NSURLResponse+HanekeTests.swift in Sources */,
				5098965020CA320600987530 /* String+HanekeTests.swift in Sources */,
				5098965320CA320600987530 /* NSHTTPURLResponse+HanekeTests.swift in Sources */,
				5098964A20CA320100987530 /* CacheTests.swift in Sources */,
				5098965E20CA321E00987530 /* XCTestCase+Test.swift in Sources */,
				5098965620CA320D00987530 /* FormatTests.swift in Sources */,
				5098964C20CA320100987530 /* DataTests.swift in Sources */,
				5098965A20CA321800987530 /* UIButton+HanekeTests.swift in Sources */,
			);
			runOnlyForDeploymentPostprocessing = 0;
		};
		5098966720CA344B00987530 /* Sources */ = {
			isa = PBXSourcesBuildPhase;
			buildActionMask = 2147483647;
			files = (
				5098967D20CA349F00987530 /* UIImage+HanekeTests.swift in Sources */,
				5098968020CA34A200987530 /* FetcherTests.swift in Sources */,
				5098968820CA34AC00987530 /* NSData+Test.swift in Sources */,
				5098968420CA34A200987530 /* NetworkFetcherTests.swift in Sources */,
				5098967B20CA349F00987530 /* NSFileManager+HanekeTests.swift in Sources */,
				5098968520CA34A800987530 /* UIImageView+HanekeTests.swift in Sources */,
				5098967920CA349800987530 /* DiskCacheTests.swift in Sources */,
				5098968320CA34A200987530 /* HanekeTests.swift in Sources */,
				5098967720CA349800987530 /* CGSize+HanekeTests.swift in Sources */,
				5098968120CA34A200987530 /* FetchTests.swift in Sources */,
				5098968720CA34AC00987530 /* UIImage+Test.swift in Sources */,
				5098968920CA34AC00987530 /* DiskTestCase.swift in Sources */,
				5098967A20CA349800987530 /* DiskFetcherTests.swift in Sources */,
				5098968B20CA34AC00987530 /* AsyncFetcher.swift in Sources */,
				5098967E20CA349F00987530 /* NSURLResponse+HanekeTests.swift in Sources */,
				5098967C20CA349F00987530 /* String+HanekeTests.swift in Sources */,
				5098967F20CA349F00987530 /* NSHTTPURLResponse+HanekeTests.swift in Sources */,
				5098967620CA349800987530 /* CacheTests.swift in Sources */,
				5098968A20CA34AC00987530 /* XCTestCase+Test.swift in Sources */,
				5098968220CA34A200987530 /* FormatTests.swift in Sources */,
				5098967820CA349800987530 /* DataTests.swift in Sources */,
				5098968620CA34A800987530 /* UIButton+HanekeTests.swift in Sources */,
			);
			runOnlyForDeploymentPostprocessing = 0;
		};
		6393C5DB1C3B229200EB1FD8 /* Sources */ = {
			isa = PBXSourcesBuildPhase;
			buildActionMask = 2147483647;
			files = (
				6393C5DC1C3B229200EB1FD8 /* UIView+Haneke.swift in Sources */,
				6393C5DD1C3B229200EB1FD8 /* Fetch.swift in Sources */,
				6393C5DE1C3B229200EB1FD8 /* UIButton+Haneke.swift in Sources */,
				6393C5DF1C3B229200EB1FD8 /* String+Haneke.swift in Sources */,
				6393C5E01C3B229200EB1FD8 /* Format.swift in Sources */,
				6393C5E11C3B229200EB1FD8 /* NSFileManager+Haneke.swift in Sources */,
				6393C5E21C3B229200EB1FD8 /* NetworkFetcher.swift in Sources */,
				6393C5E31C3B229200EB1FD8 /* Haneke.swift in Sources */,
				6393C5E41C3B229200EB1FD8 /* Data.swift in Sources */,
				6393C5E51C3B229200EB1FD8 /* CGSize+Swift.swift in Sources */,
				6393C5E61C3B229200EB1FD8 /* Fetcher.swift in Sources */,
				6393C5E71C3B229200EB1FD8 /* NSHTTPURLResponse+Haneke.swift in Sources */,
				6393C5E81C3B229200EB1FD8 /* Cache.swift in Sources */,
				6393C5E91C3B229200EB1FD8 /* UIImage+Haneke.swift in Sources */,
				6393C5EA1C3B229200EB1FD8 /* DiskFetcher.swift in Sources */,
				6393C5EB1C3B229200EB1FD8 /* Log.swift in Sources */,
				6393C5ED1C3B229200EB1FD8 /* DiskCache.swift in Sources */,
				6393C5EE1C3B229200EB1FD8 /* UIImageView+Haneke.swift in Sources */,
				6393C5EF1C3B229200EB1FD8 /* NSURLResponse+Haneke.swift in Sources */,
			);
			runOnlyForDeploymentPostprocessing = 0;
		};
		A095C9511980418C00CD0F4C /* Sources */ = {
			isa = PBXSourcesBuildPhase;
			buildActionMask = 2147483647;
			files = (
				8C12904B19EE5B040002B336 /* UIView+Haneke.swift in Sources */,
				A01E148319D7FA54000247ED /* Fetch.swift in Sources */,
				8CD6E29919DB65D000F44FCF /* UIButton+Haneke.swift in Sources */,
				A06EE28019B18C7800572D17 /* String+Haneke.swift in Sources */,
				A0FDBF9219AD444500326016 /* Format.swift in Sources */,
				A0C6BA3A19AC0D1E007111E9 /* NSFileManager+Haneke.swift in Sources */,
				A00D360219C355C30007586E /* NetworkFetcher.swift in Sources */,
				A03F7E7E19BF59880002511F /* Haneke.swift in Sources */,
				A0E8BFDC19CCAE1D00A4E2B0 /* Data.swift in Sources */,
				36BB64F519BECE1E006A1309 /* CGSize+Swift.swift in Sources */,
				A03F7E8219BF94AA0002511F /* Fetcher.swift in Sources */,
				87BCE4741C37632A0040B92C /* NSHTTPURLResponse+Haneke.swift in Sources */,
				A095C973198041D100CD0F4C /* Cache.swift in Sources */,
				A0D7D6841997B2EC000CAF46 /* UIImage+Haneke.swift in Sources */,
				8C0D39C619CF4CB900452BC4 /* DiskFetcher.swift in Sources */,
				A0985E5C1A10810500691636 /* Log.swift in Sources */,
				A0D7D68119978F9A000CAF46 /* DiskCache.swift in Sources */,
				A04210FC19C90292005000B8 /* UIImageView+Haneke.swift in Sources */,
				A00D360419C36E680007586E /* NSURLResponse+Haneke.swift in Sources */,
			);
			runOnlyForDeploymentPostprocessing = 0;
		};
/* End PBXSourcesBuildPhase section */

/* Begin PBXTargetDependency section */
		5098964420CA31C300987530 /* PBXTargetDependency */ = {
			isa = PBXTargetDependency;
			target = A095C9551980418C00CD0F4C /* Haneke-iOS */;
			targetProxy = 5098964320CA31C300987530 /* PBXContainerItemProxy */;
		};
		5098967220CA344B00987530 /* PBXTargetDependency */ = {
			isa = PBXTargetDependency;
			target = 6393C5DA1C3B229200EB1FD8 /* Haneke-tvOS */;
			targetProxy = 5098967120CA344B00987530 /* PBXContainerItemProxy */;
		};
/* End PBXTargetDependency section */

/* Begin XCBuildConfiguration section */
		5098964620CA31C300987530 /* Debug */ = {
			isa = XCBuildConfiguration;
			buildSettings = {
				CLANG_ANALYZER_NONNULL = YES;
				CLANG_ANALYZER_NUMBER_OBJECT_CONVERSION = YES_AGGRESSIVE;
				CLANG_CXX_LANGUAGE_STANDARD = "gnu++14";
				CLANG_ENABLE_OBJC_WEAK = YES;
				CLANG_WARN_DOCUMENTATION_COMMENTS = YES;
				CLANG_WARN_UNGUARDED_AVAILABILITY = YES_AGGRESSIVE;
				CODE_SIGN_IDENTITY = "iPhone Developer";
				CODE_SIGN_STYLE = Automatic;
				DEBUG_INFORMATION_FORMAT = dwarf;
				FRAMEWORK_SEARCH_PATHS = (
					"$(inherited)",
					"$(PROJECT_DIR)/Carthage/Build/iOS",
				);
				GCC_C_LANGUAGE_STANDARD = gnu11;
				INFOPLIST_FILE = "HanekeTests/Haneke-IOSTests.plist";
				IPHONEOS_DEPLOYMENT_TARGET = 11.4;
				LD_RUNPATH_SEARCH_PATHS = "$(inherited) @executable_path/Frameworks @loader_path/Frameworks";
				PRODUCT_BUNDLE_IDENTIFIER = "io.haneke.Haneke-IOSTests";
				PRODUCT_NAME = "$(TARGET_NAME)";
				SWIFT_ACTIVE_COMPILATION_CONDITIONS = DEBUG;
				SWIFT_VERSION = 4.0;
				TARGETED_DEVICE_FAMILY = "1,2";
			};
			name = Debug;
		};
		5098964720CA31C300987530 /* Release */ = {
			isa = XCBuildConfiguration;
			buildSettings = {
				CLANG_ANALYZER_NONNULL = YES;
				CLANG_ANALYZER_NUMBER_OBJECT_CONVERSION = YES_AGGRESSIVE;
				CLANG_CXX_LANGUAGE_STANDARD = "gnu++14";
				CLANG_ENABLE_OBJC_WEAK = YES;
				CLANG_WARN_DOCUMENTATION_COMMENTS = YES;
				CLANG_WARN_UNGUARDED_AVAILABILITY = YES_AGGRESSIVE;
				CODE_SIGN_IDENTITY = "iPhone Developer";
				CODE_SIGN_STYLE = Automatic;
				COPY_PHASE_STRIP = NO;
				DEBUG_INFORMATION_FORMAT = "dwarf-with-dsym";
				FRAMEWORK_SEARCH_PATHS = (
					"$(inherited)",
					"$(PROJECT_DIR)/Carthage/Build/iOS",
				);
				GCC_C_LANGUAGE_STANDARD = gnu11;
				INFOPLIST_FILE = "HanekeTests/Haneke-IOSTests.plist";
				IPHONEOS_DEPLOYMENT_TARGET = 11.4;
				LD_RUNPATH_SEARCH_PATHS = "$(inherited) @executable_path/Frameworks @loader_path/Frameworks";
				PRODUCT_BUNDLE_IDENTIFIER = "io.haneke.Haneke-IOSTests";
				PRODUCT_NAME = "$(TARGET_NAME)";
				SWIFT_VERSION = 4.0;
				TARGETED_DEVICE_FAMILY = "1,2";
			};
			name = Release;
		};
		5098967420CA344B00987530 /* Debug */ = {
			isa = XCBuildConfiguration;
			buildSettings = {
				CLANG_ANALYZER_NONNULL = YES;
				CLANG_ANALYZER_NUMBER_OBJECT_CONVERSION = YES_AGGRESSIVE;
				CLANG_CXX_LANGUAGE_STANDARD = "gnu++14";
				CLANG_ENABLE_OBJC_WEAK = YES;
				CLANG_WARN_DOCUMENTATION_COMMENTS = YES;
				CLANG_WARN_UNGUARDED_AVAILABILITY = YES_AGGRESSIVE;
				CODE_SIGN_STYLE = Automatic;
				DEBUG_INFORMATION_FORMAT = dwarf;
				FRAMEWORK_SEARCH_PATHS = (
					"$(inherited)",
					"$(PROJECT_DIR)/Carthage/Build/tvOS",
				);
				GCC_C_LANGUAGE_STANDARD = gnu11;
				INFOPLIST_FILE = "HanekeTests/Haneke-tvOSTests.plist";
				LD_RUNPATH_SEARCH_PATHS = "$(inherited) @executable_path/Frameworks @loader_path/Frameworks";
				PRODUCT_BUNDLE_IDENTIFIER = "io.haneke.Haneke-tvOSTests";
				PRODUCT_NAME = "$(TARGET_NAME)";
				SDKROOT = appletvos;
				SWIFT_ACTIVE_COMPILATION_CONDITIONS = DEBUG;
				SWIFT_VERSION = 4.0;
				TARGETED_DEVICE_FAMILY = 3;
				TVOS_DEPLOYMENT_TARGET = 11.4;
			};
			name = Debug;
		};
		5098967520CA344B00987530 /* Release */ = {
			isa = XCBuildConfiguration;
			buildSettings = {
				CLANG_ANALYZER_NONNULL = YES;
				CLANG_ANALYZER_NUMBER_OBJECT_CONVERSION = YES_AGGRESSIVE;
				CLANG_CXX_LANGUAGE_STANDARD = "gnu++14";
				CLANG_ENABLE_OBJC_WEAK = YES;
				CLANG_WARN_DOCUMENTATION_COMMENTS = YES;
				CLANG_WARN_UNGUARDED_AVAILABILITY = YES_AGGRESSIVE;
				CODE_SIGN_STYLE = Automatic;
				COPY_PHASE_STRIP = NO;
				DEBUG_INFORMATION_FORMAT = "dwarf-with-dsym";
				FRAMEWORK_SEARCH_PATHS = (
					"$(inherited)",
					"$(PROJECT_DIR)/Carthage/Build/tvOS",
				);
				GCC_C_LANGUAGE_STANDARD = gnu11;
				INFOPLIST_FILE = "HanekeTests/Haneke-tvOSTests.plist";
				LD_RUNPATH_SEARCH_PATHS = "$(inherited) @executable_path/Frameworks @loader_path/Frameworks";
				PRODUCT_BUNDLE_IDENTIFIER = "io.haneke.Haneke-tvOSTests";
				PRODUCT_NAME = "$(TARGET_NAME)";
				SDKROOT = appletvos;
				SWIFT_VERSION = 4.0;
				TARGETED_DEVICE_FAMILY = 3;
				TVOS_DEPLOYMENT_TARGET = 11.4;
			};
			name = Release;
		};
		6393C5F51C3B229200EB1FD8 /* Debug */ = {
			isa = XCBuildConfiguration;
			buildSettings = {
				APPLICATION_EXTENSION_API_ONLY = YES;
				CLANG_ENABLE_MODULES = YES;
				"CODE_SIGN_IDENTITY[sdk=appletvos*]" = "";
				DEFINES_MODULE = YES;
				DYLIB_COMPATIBILITY_VERSION = 1;
				DYLIB_CURRENT_VERSION = 1;
				DYLIB_INSTALL_NAME_BASE = "@rpath";
				FRAMEWORK_SEARCH_PATHS = (
					"$(inherited)",
					"$(PROJECT_DIR)/Carthage/Build/tvOS",
				);
				INFOPLIST_FILE = "$(SRCROOT)/Haneke/Info-tvOS.plist";
				INSTALL_PATH = "$(LOCAL_LIBRARY_DIR)/Frameworks";
				LD_RUNPATH_SEARCH_PATHS = "$(inherited) @executable_path/Frameworks @loader_path/Frameworks";
				PRODUCT_BUNDLE_IDENTIFIER = io.haneke.Haneke;
				PRODUCT_NAME = Haneke;
				SDKROOT = appletvos;
				SKIP_INSTALL = YES;
				SWIFT_OPTIMIZATION_LEVEL = "-Onone";
				SWIFT_VERSION = 4.0;
				TARGETED_DEVICE_FAMILY = 3;
				TVOS_DEPLOYMENT_TARGET = 9.0;
			};
			name = Debug;
		};
		6393C5F61C3B229200EB1FD8 /* Release */ = {
			isa = XCBuildConfiguration;
			buildSettings = {
				APPLICATION_EXTENSION_API_ONLY = YES;
				CLANG_ENABLE_MODULES = YES;
				"CODE_SIGN_IDENTITY[sdk=appletvos*]" = "";
				DEFINES_MODULE = YES;
				DYLIB_COMPATIBILITY_VERSION = 1;
				DYLIB_CURRENT_VERSION = 1;
				DYLIB_INSTALL_NAME_BASE = "@rpath";
				FRAMEWORK_SEARCH_PATHS = (
					"$(inherited)",
					"$(PROJECT_DIR)/Carthage/Build/tvOS",
				);
				INFOPLIST_FILE = "$(SRCROOT)/Haneke/Info-tvOS.plist";
				INSTALL_PATH = "$(LOCAL_LIBRARY_DIR)/Frameworks";
				LD_RUNPATH_SEARCH_PATHS = "$(inherited) @executable_path/Frameworks @loader_path/Frameworks";
				PRODUCT_BUNDLE_IDENTIFIER = io.haneke.Haneke;
				PRODUCT_NAME = Haneke;
				SDKROOT = appletvos;
				SKIP_INSTALL = YES;
				SWIFT_VERSION = 4.0;
				TARGETED_DEVICE_FAMILY = 3;
				TVOS_DEPLOYMENT_TARGET = 9.0;
			};
			name = Release;
		};
		A095C96A1980418C00CD0F4C /* Debug */ = {
			isa = XCBuildConfiguration;
			buildSettings = {
				ALWAYS_SEARCH_USER_PATHS = NO;
				CLANG_CXX_LANGUAGE_STANDARD = "gnu++0x";
				CLANG_CXX_LIBRARY = "libc++";
				CLANG_ENABLE_MODULES = YES;
				CLANG_ENABLE_OBJC_ARC = YES;
				CLANG_WARN_BLOCK_CAPTURE_AUTORELEASING = YES;
				CLANG_WARN_BOOL_CONVERSION = YES;
				CLANG_WARN_COMMA = YES;
				CLANG_WARN_CONSTANT_CONVERSION = YES;
				CLANG_WARN_DEPRECATED_OBJC_IMPLEMENTATIONS = YES;
				CLANG_WARN_DIRECT_OBJC_ISA_USAGE = YES_ERROR;
				CLANG_WARN_EMPTY_BODY = YES;
				CLANG_WARN_ENUM_CONVERSION = YES;
				CLANG_WARN_INFINITE_RECURSION = YES;
				CLANG_WARN_INT_CONVERSION = YES;
				CLANG_WARN_NON_LITERAL_NULL_CONVERSION = YES;
				CLANG_WARN_OBJC_IMPLICIT_RETAIN_SELF = YES;
				CLANG_WARN_OBJC_LITERAL_CONVERSION = YES;
				CLANG_WARN_OBJC_ROOT_CLASS = YES_ERROR;
				CLANG_WARN_RANGE_LOOP_ANALYSIS = YES;
				CLANG_WARN_STRICT_PROTOTYPES = YES;
				CLANG_WARN_SUSPICIOUS_MOVE = YES;
				CLANG_WARN_UNREACHABLE_CODE = YES;
				CLANG_WARN__DUPLICATE_METHOD_MATCH = YES;
				"CODE_SIGN_IDENTITY[sdk=iphoneos*]" = "iPhone Developer";
				COPY_PHASE_STRIP = NO;
				CURRENT_PROJECT_VERSION = 1;
				ENABLE_STRICT_OBJC_MSGSEND = YES;
				ENABLE_TESTABILITY = YES;
				GCC_C_LANGUAGE_STANDARD = gnu99;
				GCC_DYNAMIC_NO_PIC = NO;
				GCC_NO_COMMON_BLOCKS = YES;
				GCC_OPTIMIZATION_LEVEL = 0;
				GCC_PREPROCESSOR_DEFINITIONS = (
					"DEBUG=1",
					"$(inherited)",
				);
				GCC_SYMBOLS_PRIVATE_EXTERN = NO;
				GCC_WARN_64_TO_32_BIT_CONVERSION = YES;
				GCC_WARN_ABOUT_RETURN_TYPE = YES_ERROR;
				GCC_WARN_UNDECLARED_SELECTOR = YES;
				GCC_WARN_UNINITIALIZED_AUTOS = YES_AGGRESSIVE;
				GCC_WARN_UNUSED_FUNCTION = YES;
				GCC_WARN_UNUSED_VARIABLE = YES;
				IPHONEOS_DEPLOYMENT_TARGET = 9.0;
				MTL_ENABLE_DEBUG_INFO = YES;
				ONLY_ACTIVE_ARCH = YES;
				SDKROOT = iphoneos;
				SWIFT_OPTIMIZATION_LEVEL = "-Onone";
				TARGETED_DEVICE_FAMILY = "1,2";
				VERSIONING_SYSTEM = "apple-generic";
				VERSION_INFO_PREFIX = "";
			};
			name = Debug;
		};
		A095C96B1980418C00CD0F4C /* Release */ = {
			isa = XCBuildConfiguration;
			buildSettings = {
				ALWAYS_SEARCH_USER_PATHS = NO;
				CLANG_CXX_LANGUAGE_STANDARD = "gnu++0x";
				CLANG_CXX_LIBRARY = "libc++";
				CLANG_ENABLE_MODULES = YES;
				CLANG_ENABLE_OBJC_ARC = YES;
				CLANG_WARN_BLOCK_CAPTURE_AUTORELEASING = YES;
				CLANG_WARN_BOOL_CONVERSION = YES;
				CLANG_WARN_COMMA = YES;
				CLANG_WARN_CONSTANT_CONVERSION = YES;
				CLANG_WARN_DEPRECATED_OBJC_IMPLEMENTATIONS = YES;
				CLANG_WARN_DIRECT_OBJC_ISA_USAGE = YES_ERROR;
				CLANG_WARN_EMPTY_BODY = YES;
				CLANG_WARN_ENUM_CONVERSION = YES;
				CLANG_WARN_INFINITE_RECURSION = YES;
				CLANG_WARN_INT_CONVERSION = YES;
				CLANG_WARN_NON_LITERAL_NULL_CONVERSION = YES;
				CLANG_WARN_OBJC_IMPLICIT_RETAIN_SELF = YES;
				CLANG_WARN_OBJC_LITERAL_CONVERSION = YES;
				CLANG_WARN_OBJC_ROOT_CLASS = YES_ERROR;
				CLANG_WARN_RANGE_LOOP_ANALYSIS = YES;
				CLANG_WARN_STRICT_PROTOTYPES = YES;
				CLANG_WARN_SUSPICIOUS_MOVE = YES;
				CLANG_WARN_UNREACHABLE_CODE = YES;
				CLANG_WARN__DUPLICATE_METHOD_MATCH = YES;
				"CODE_SIGN_IDENTITY[sdk=iphoneos*]" = "iPhone Developer";
				COPY_PHASE_STRIP = YES;
				CURRENT_PROJECT_VERSION = 1;
				ENABLE_NS_ASSERTIONS = NO;
				ENABLE_STRICT_OBJC_MSGSEND = YES;
				GCC_C_LANGUAGE_STANDARD = gnu99;
				GCC_NO_COMMON_BLOCKS = YES;
				GCC_WARN_64_TO_32_BIT_CONVERSION = YES;
				GCC_WARN_ABOUT_RETURN_TYPE = YES_ERROR;
				GCC_WARN_UNDECLARED_SELECTOR = YES;
				GCC_WARN_UNINITIALIZED_AUTOS = YES_AGGRESSIVE;
				GCC_WARN_UNUSED_FUNCTION = YES;
				GCC_WARN_UNUSED_VARIABLE = YES;
				IPHONEOS_DEPLOYMENT_TARGET = 9.0;
				MTL_ENABLE_DEBUG_INFO = NO;
				SDKROOT = iphoneos;
				SWIFT_OPTIMIZATION_LEVEL = "-Owholemodule";
				TARGETED_DEVICE_FAMILY = "1,2";
				VALIDATE_PRODUCT = YES;
				VERSIONING_SYSTEM = "apple-generic";
				VERSION_INFO_PREFIX = "";
			};
			name = Release;
		};
		A095C96D1980418C00CD0F4C /* Debug */ = {
			isa = XCBuildConfiguration;
			buildSettings = {
				APPLICATION_EXTENSION_API_ONLY = YES;
				CLANG_ENABLE_MODULES = YES;
				"CODE_SIGN_IDENTITY[sdk=iphoneos*]" = "";
				DEFINES_MODULE = YES;
				DYLIB_COMPATIBILITY_VERSION = 1;
				DYLIB_CURRENT_VERSION = 1;
				DYLIB_INSTALL_NAME_BASE = "@rpath";
				FRAMEWORK_SEARCH_PATHS = (
					"$(inherited)",
					"$(PROJECT_DIR)/Carthage/Build/iOS",
				);
				INFOPLIST_FILE = "$(SRCROOT)/Haneke/Info-iOS.plist";
				INSTALL_PATH = "$(LOCAL_LIBRARY_DIR)/Frameworks";
				IPHONEOS_DEPLOYMENT_TARGET = 9.0;
				LD_RUNPATH_SEARCH_PATHS = "$(inherited) @executable_path/Frameworks @loader_path/Frameworks";
				PRODUCT_BUNDLE_IDENTIFIER = io.haneke.Haneke;
				PRODUCT_NAME = Haneke;
				SKIP_INSTALL = YES;
				SWIFT_OPTIMIZATION_LEVEL = "-Onone";
				SWIFT_VERSION = 4.0;
			};
			name = Debug;
		};
		A095C96E1980418C00CD0F4C /* Release */ = {
			isa = XCBuildConfiguration;
			buildSettings = {
				APPLICATION_EXTENSION_API_ONLY = YES;
				CLANG_ENABLE_MODULES = YES;
				"CODE_SIGN_IDENTITY[sdk=iphoneos*]" = "";
				DEFINES_MODULE = YES;
				DYLIB_COMPATIBILITY_VERSION = 1;
				DYLIB_CURRENT_VERSION = 1;
				DYLIB_INSTALL_NAME_BASE = "@rpath";
				FRAMEWORK_SEARCH_PATHS = (
					"$(inherited)",
					"$(PROJECT_DIR)/Carthage/Build/iOS",
				);
				INFOPLIST_FILE = "$(SRCROOT)/Haneke/Info-iOS.plist";
				INSTALL_PATH = "$(LOCAL_LIBRARY_DIR)/Frameworks";
				IPHONEOS_DEPLOYMENT_TARGET = 9.0;
				LD_RUNPATH_SEARCH_PATHS = "$(inherited) @executable_path/Frameworks @loader_path/Frameworks";
				PRODUCT_BUNDLE_IDENTIFIER = io.haneke.Haneke;
				PRODUCT_NAME = Haneke;
				SKIP_INSTALL = YES;
				SWIFT_VERSION = 4.0;
			};
			name = Release;
		};
/* End XCBuildConfiguration section */

/* Begin XCConfigurationList section */
		5098964520CA31C300987530 /* Build configuration list for PBXNativeTarget "Haneke-IOSTests" */ = {
			isa = XCConfigurationList;
			buildConfigurations = (
				5098964620CA31C300987530 /* Debug */,
				5098964720CA31C300987530 /* Release */,
			);
			defaultConfigurationIsVisible = 0;
			defaultConfigurationName = Release;
		};
		5098967320CA344B00987530 /* Build configuration list for PBXNativeTarget "Haneke-tvOSTests" */ = {
			isa = XCConfigurationList;
			buildConfigurations = (
				5098967420CA344B00987530 /* Debug */,
				5098967520CA344B00987530 /* Release */,
			);
			defaultConfigurationIsVisible = 0;
			defaultConfigurationName = Release;
		};
		6393C5F41C3B229200EB1FD8 /* Build configuration list for PBXNativeTarget "Haneke-tvOS" */ = {
			isa = XCConfigurationList;
			buildConfigurations = (
				6393C5F51C3B229200EB1FD8 /* Debug */,
				6393C5F61C3B229200EB1FD8 /* Release */,
			);
			defaultConfigurationIsVisible = 0;
			defaultConfigurationName = Release;
		};
		A095C9501980418C00CD0F4C /* Build configuration list for PBXProject "Haneke" */ = {
			isa = XCConfigurationList;
			buildConfigurations = (
				A095C96A1980418C00CD0F4C /* Debug */,
				A095C96B1980418C00CD0F4C /* Release */,
			);
			defaultConfigurationIsVisible = 0;
			defaultConfigurationName = Release;
		};
		A095C96C1980418C00CD0F4C /* Build configuration list for PBXNativeTarget "Haneke-iOS" */ = {
			isa = XCConfigurationList;
			buildConfigurations = (
				A095C96D1980418C00CD0F4C /* Debug */,
				A095C96E1980418C00CD0F4C /* Release */,
			);
			defaultConfigurationIsVisible = 0;
			defaultConfigurationName = Release;
		};
/* End XCConfigurationList section */
	};
	rootObject = A095C94D1980418C00CD0F4C /* Project object */;
}
